
Microsoft Visual Studio Solution File, Format Version 12.00
# Visual Studio 15
VisualStudioVersion = 15.0.28307.1259
MinimumVisualStudioVersion = 10.0.40219.1
Project("{FAE04EC0-301F-11D3-BF4B-00C04F79EFBC}") = "InsurancePolicyCalculator", "InsurancePolicyCalculator\InsurancePolicyCalculator.csproj", "{8E8A9220-749E-4932-B2EB-C219DBB94323}"
EndProject
Global
	GlobalSection(SolutionConfigurationPlatforms) = preSolution
		Debug|Any CPU = Debug|Any CPU
		Release|Any CPU = Release|Any CPU
	EndGlobalSection
	GlobalSection(ProjectConfigurationPlatforms) = postSolution
		{8E8A9220-749E-4932-B2EB-C219DBB94323}.Debug|Any CPU.ActiveCfg = Debug|Any CPU
		{8E8A9220-749E-4932-B2EB-C219DBB94323}.Debug|Any CPU.Build.0 = Debug|Any CPU
		{8E8A9220-749E-4932-B2EB-C219DBB94323}.Release|Any CPU.ActiveCfg = Release|Any CPU
		{8E8A9220-749E-4932-B2EB-C219DBB94323}.Release|Any CPU.Build.0 = Release|Any CPU
	EndGlobalSection
	GlobalSection(SolutionProperties) = preSolution
		HideSolutionNode = FALSE
	EndGlobalSection
	GlobalSection(ExtensibilityGlobals) = postSolution
		SolutionGuid = {08862B4C-2B69-444A-ABBA-65B9A2DDFF73}
	EndGlobalSection
EndGlobal
